
Microsoft Visual Studio Solution File, Format Version 12.00
# Visual Studio Version 17
VisualStudioVersion = 17.9.34701.34
MinimumVisualStudioVersion = 10.0.40219.1
Project("{FAE04EC0-301F-11D3-BF4B-00C04F79EFBC}") = "HomeWork13.1", "HomeWork13\HomeWork13.1.csproj", "{BE19686E-83B5-4C9D-BC7E-C610FDB276BF}"
EndProject
Project("{FAE04EC0-301F-11D3-BF4B-00C04F79EFBC}") = "HomeWork13.2", "HomeWork13.2\HomeWork13.2.csproj", "{AEBF4F11-6B39-4933-B886-DA3711200B33}"
EndProject
Global
	GlobalSection(SolutionConfigurationPlatforms) = preSolution
		Debug|Any CPU = Debug|Any CPU
		Release|Any CPU = Release|Any CPU
	EndGlobalSection
	GlobalSection(ProjectConfigurationPlatforms) = postSolution
		{BE19686E-83B5-4C9D-BC7E-C610FDB276BF}.Debug|Any CPU.ActiveCfg = Debug|Any CPU
		{BE19686E-83B5-4C9D-BC7E-C610FDB276BF}.Debug|Any CPU.Build.0 = Debug|Any CPU
		{BE19686E-83B5-4C9D-BC7E-C610FDB276BF}.Release|Any CPU.ActiveCfg = Release|Any CPU
		{BE19686E-83B5-4C9D-BC7E-C610FDB276BF}.Release|Any CPU.Build.0 = Release|Any CPU
		{AEBF4F11-6B39-4933-B886-DA3711200B33}.Debug|Any CPU.ActiveCfg = Debug|Any CPU
		{AEBF4F11-6B39-4933-B886-DA3711200B33}.Debug|Any CPU.Build.0 = Debug|Any CPU
		{AEBF4F11-6B39-4933-B886-DA3711200B33}.Release|Any CPU.ActiveCfg = Release|Any CPU
		{AEBF4F11-6B39-4933-B886-DA3711200B33}.Release|Any CPU.Build.0 = Release|Any CPU
	EndGlobalSection
	GlobalSection(SolutionProperties) = preSolution
		HideSolutionNode = FALSE
	EndGlobalSection
	GlobalSection(ExtensibilityGlobals) = postSolution
		SolutionGuid = {54FDC255-C94E-4556-801A-2D09E2629935}
	EndGlobalSection
EndGlobal
